// !$*UTF8*$!
{
	archiveVersion = 1;
	classes = {
	};
	objectVersion = 51;
	objects = {

/* Begin PBXBuildFile section */
		1498D2341E8E89220040F4C2 /* GeneratedPluginRegistrant.m in Sources */ = {isa = PBXBuildFile; fileRef = 1498D2331E8E89220040F4C2 /* GeneratedPluginRegistrant.m */; };
		3B3967161E833CAA004F5970 /* AppFrameworkInfo.plist in Resources */ = {isa = PBXBuildFile; fileRef = 3B3967151E833CAA004F5970 /* AppFrameworkInfo.plist */; };
		74858FAF1ED2DC5600515810 /* AppDelegate.swift in Sources */ = {isa = PBXBuildFile; fileRef = 74858FAE1ED2DC5600515810 /* AppDelegate.swift */; };
		97C146FC1CF9000F007C117D /* Main.storyboard in Resources */ = {isa = PBXBuildFile; fileRef = 97C146FA1CF9000F007C117D /* Main.storyboard */; };
		97C146FE1CF9000F007C117D /* Assets.xcassets in Resources */ = {isa = PBXBuildFile; fileRef = 97C146FD1CF9000F007C117D /* Assets.xcassets */; };
		97C147011CF9000F007C117D /* LaunchScreen.storyboard in Resources */ = {isa = PBXBuildFile; fileRef = 97C146FF1CF9000F007C117D /* LaunchScreen.storyboard */; };
		B050DF5E2873418A00A346E3 /* JavaScriptCore.framework in Frameworks */ = {isa = PBXBuildFile; fileRef = B050DF5D2873418A00A346E3 /* JavaScriptCore.framework */; };
		B050DF60287341A500A346E3 /* CoreMedia.framework in Frameworks */ = {isa = PBXBuildFile; fileRef = B050DF5F287341A500A346E3 /* CoreMedia.framework */; };
		B050DF62287341B200A346E3 /* MediaPlayer.framework in Frameworks */ = {isa = PBXBuildFile; fileRef = B050DF61287341B200A346E3 /* MediaPlayer.framework */; };
		B050DF64287341BE00A346E3 /* AVFoundation.framework in Frameworks */ = {isa = PBXBuildFile; fileRef = B050DF63287341BE00A346E3 /* AVFoundation.framework */; };
		B050DF66287341CE00A346E3 /* AVKit.framework in Frameworks */ = {isa = PBXBuildFile; fileRef = B050DF65287341CE00A346E3 /* AVKit.framework */; };
		B050DF68287341DD00A346E3 /* GLKit.framework in Frameworks */ = {isa = PBXBuildFile; fileRef = B050DF67287341DD00A346E3 /* GLKit.framework */; };
		B050DF6A287341EB00A346E3 /* OpenGLES.framework in Frameworks */ = {isa = PBXBuildFile; fileRef = B050DF69287341EB00A346E3 /* OpenGLES.framework */; };
		B050DF6C287341F300A346E3 /* CoreText.framework in Frameworks */ = {isa = PBXBuildFile; fileRef = B050DF6B287341F300A346E3 /* CoreText.framework */; };
		B050DF6E287341FD00A346E3 /* QuartzCore.framework in Frameworks */ = {isa = PBXBuildFile; fileRef = B050DF6D287341FD00A346E3 /* QuartzCore.framework */; };
		B050DF702873420900A346E3 /* CoreGraphics.framework in Frameworks */ = {isa = PBXBuildFile; fileRef = B050DF6F2873420800A346E3 /* CoreGraphics.framework */; };
		B050DF722873421200A346E3 /* libc++.tbd in Frameworks */ = {isa = PBXBuildFile; fileRef = B050DF712873421200A346E3 /* libc++.tbd */; };
		B050DF742873421A00A346E3 /* QuickLook.framework in Frameworks */ = {isa = PBXBuildFile; fileRef = B050DF732873421A00A346E3 /* QuickLook.framework */; };
		B050DF762873422400A346E3 /* CoreTelephony.framework in Frameworks */ = {isa = PBXBuildFile; fileRef = B050DF752873422300A346E3 /* CoreTelephony.framework */; };
		B050DF782873422D00A346E3 /* AssetsLibrary.framework in Frameworks */ = {isa = PBXBuildFile; fileRef = B050DF772873422C00A346E3 /* AssetsLibrary.framework */; };
		B050DF7A2873423500A346E3 /* CoreLocation.framework in Frameworks */ = {isa = PBXBuildFile; fileRef = B050DF792873423500A346E3 /* CoreLocation.framework */; };
		B050DF7C2873423F00A346E3 /* AddressBook.framework in Frameworks */ = {isa = PBXBuildFile; fileRef = B050DF7B2873423F00A346E3 /* AddressBook.framework */; };
		B050DF7E2873424800A346E3 /* libiconv.tbd in Frameworks */ = {isa = PBXBuildFile; fileRef = B050DF7D2873424800A346E3 /* libiconv.tbd */; };
		B050E0552874837400A346E3 /* __uniappes6.js in Resources */ = {isa = PBXBuildFile; fileRef = B050DFF62874837400A346E3 /* __uniappes6.js */; };
		B050E0562874837400A346E3 /* uni-jsframework.js in Resources */ = {isa = PBXBuildFile; fileRef = B050DFF72874837400A346E3 /* uni-jsframework.js */; };
		B050E0572874837400A346E3 /* PandoraApi.bundle in Resources */ = {isa = PBXBuildFile; fileRef = B050DFF82874837400A346E3 /* PandoraApi.bundle */; };
		B050E0582874837400A346E3 /* uni-jsframework-vue3.js in Resources */ = {isa = PBXBuildFile; fileRef = B050DFF92874837400A346E3 /* uni-jsframework-vue3.js */; };
		B050E0592874837400A346E3 /* unincomponents.ttf in Resources */ = {isa = PBXBuildFile; fileRef = B050DFFA2874837400A346E3 /* unincomponents.ttf */; };
		B050E05A2874837400A346E3 /* weex-polyfill.js in Resources */ = {isa = PBXBuildFile; fileRef = B050DFFB2874837400A346E3 /* weex-polyfill.js */; };
		B050E05B2874837400A346E3 /* weexUniJs.js in Resources */ = {isa = PBXBuildFile; fileRef = B050DFFC2874837400A346E3 /* weexUniJs.js */; };
		B09C54B22875EEAE00FA78D2 /* __UNI__F87B0CE.wgt in Resources */ = {isa = PBXBuildFile; fileRef = B09C54B02875EEAE00FA78D2 /* __UNI__F87B0CE.wgt */; };
		B09C54B52875F10A00FA78D2 /* __UNI__3BC70CE.wgt in Resources */ = {isa = PBXBuildFile; fileRef = B09C54B42875F10A00FA78D2 /* __UNI__3BC70CE.wgt */; };
		E6785185D82D85A9E7DD848B /* Pods_Runner.framework in Frameworks */ = {isa = PBXBuildFile; fileRef = E2E6ACD1DAB48B7E4C4F77FE /* Pods_Runner.framework */; };
/* End PBXBuildFile section */

/* Begin PBXCopyFilesBuildPhase section */
		9705A1C41CF9048500538489 /* Embed Frameworks */ = {
			isa = PBXCopyFilesBuildPhase;
			buildActionMask = 2147483647;
			dstPath = "";
			dstSubfolderSpec = 10;
			files = (
			);
			name = "Embed Frameworks";
			runOnlyForDeploymentPostprocessing = 0;
		};
/* End PBXCopyFilesBuildPhase section */

/* Begin PBXFileReference section */
		1498D2321E8E86230040F4C2 /* GeneratedPluginRegistrant.h */ = {isa = PBXFileReference; lastKnownFileType = sourcecode.c.h; path = GeneratedPluginRegistrant.h; sourceTree = "<group>"; };
		1498D2331E8E89220040F4C2 /* GeneratedPluginRegistrant.m */ = {isa = PBXFileReference; fileEncoding = 4; lastKnownFileType = sourcecode.c.objc; path = GeneratedPluginRegistrant.m; sourceTree = "<group>"; };
		3B3967151E833CAA004F5970 /* AppFrameworkInfo.plist */ = {isa = PBXFileReference; fileEncoding = 4; lastKnownFileType = text.plist.xml; name = AppFrameworkInfo.plist; path = Flutter/AppFrameworkInfo.plist; sourceTree = "<group>"; };
		74858FAD1ED2DC5600515810 /* Runner-Bridging-Header.h */ = {isa = PBXFileReference; lastKnownFileType = sourcecode.c.h; path = "Runner-Bridging-Header.h"; sourceTree = "<group>"; };
		74858FAE1ED2DC5600515810 /* AppDelegate.swift */ = {isa = PBXFileReference; fileEncoding = 4; indentWidth = 2; lastKnownFileType = sourcecode.swift; path = AppDelegate.swift; sourceTree = "<group>"; tabWidth = 2; };
		7AB4490E98B1496A645BF347 /* Pods-Runner.profile.xcconfig */ = {isa = PBXFileReference; includeInIndex = 1; lastKnownFileType = text.xcconfig; name = "Pods-Runner.profile.xcconfig"; path = "Target Support Files/Pods-Runner/Pods-Runner.profile.xcconfig"; sourceTree = "<group>"; };
		7AFA3C8E1D35360C0083082E /* Release.xcconfig */ = {isa = PBXFileReference; lastKnownFileType = text.xcconfig; name = Release.xcconfig; path = Flutter/Release.xcconfig; sourceTree = "<group>"; };
		838CA277EC101CDDA90C8229 /* Pods-Runner.release.xcconfig */ = {isa = PBXFileReference; includeInIndex = 1; lastKnownFileType = text.xcconfig; name = "Pods-Runner.release.xcconfig"; path = "Target Support Files/Pods-Runner/Pods-Runner.release.xcconfig"; sourceTree = "<group>"; };
		9740EEB21CF90195004384FC /* Debug.xcconfig */ = {isa = PBXFileReference; fileEncoding = 4; lastKnownFileType = text.xcconfig; name = Debug.xcconfig; path = Flutter/Debug.xcconfig; sourceTree = "<group>"; };
		9740EEB31CF90195004384FC /* Generated.xcconfig */ = {isa = PBXFileReference; fileEncoding = 4; lastKnownFileType = text.xcconfig; name = Generated.xcconfig; path = Flutter/Generated.xcconfig; sourceTree = "<group>"; };
		97C146EE1CF9000F007C117D /* Runner.app */ = {isa = PBXFileReference; explicitFileType = wrapper.application; includeInIndex = 0; path = Runner.app; sourceTree = BUILT_PRODUCTS_DIR; };
		97C146FB1CF9000F007C117D /* Base */ = {isa = PBXFileReference; lastKnownFileType = file.storyboard; name = Base; path = Base.lproj/Main.storyboard; sourceTree = "<group>"; };
		97C146FD1CF9000F007C117D /* Assets.xcassets */ = {isa = PBXFileReference; lastKnownFileType = folder.assetcatalog; path = Assets.xcassets; sourceTree = "<group>"; };
		97C147001CF9000F007C117D /* Base */ = {isa = PBXFileReference; lastKnownFileType = file.storyboard; name = Base; path = Base.lproj/LaunchScreen.storyboard; sourceTree = "<group>"; };
		97C147021CF9000F007C117D /* Info.plist */ = {isa = PBXFileReference; lastKnownFileType = text.plist.xml; path = Info.plist; sourceTree = "<group>"; };
		A8D3547221C1482192BEF73C /* Pods-Runner.debug.xcconfig */ = {isa = PBXFileReference; includeInIndex = 1; lastKnownFileType = text.xcconfig; name = "Pods-Runner.debug.xcconfig"; path = "Target Support Files/Pods-Runner/Pods-Runner.debug.xcconfig"; sourceTree = "<group>"; };
		B050DF5D2873418A00A346E3 /* JavaScriptCore.framework */ = {isa = PBXFileReference; lastKnownFileType = wrapper.framework; name = JavaScriptCore.framework; path = System/Library/Frameworks/JavaScriptCore.framework; sourceTree = SDKROOT; };
		B050DF5F287341A500A346E3 /* CoreMedia.framework */ = {isa = PBXFileReference; lastKnownFileType = wrapper.framework; name = CoreMedia.framework; path = System/Library/Frameworks/CoreMedia.framework; sourceTree = SDKROOT; };
		B050DF61287341B200A346E3 /* MediaPlayer.framework */ = {isa = PBXFileReference; lastKnownFileType = wrapper.framework; name = MediaPlayer.framework; path = System/Library/Frameworks/MediaPlayer.framework; sourceTree = SDKROOT; };
		B050DF63287341BE00A346E3 /* AVFoundation.framework */ = {isa = PBXFileReference; lastKnownFileType = wrapper.framework; name = AVFoundation.framework; path = System/Library/Frameworks/AVFoundation.framework; sourceTree = SDKROOT; };
		B050DF65287341CE00A346E3 /* AVKit.framework */ = {isa = PBXFileReference; lastKnownFileType = wrapper.framework; name = AVKit.framework; path = System/Library/Frameworks/AVKit.framework; sourceTree = SDKROOT; };
		B050DF67287341DD00A346E3 /* GLKit.framework */ = {isa = PBXFileReference; lastKnownFileType = wrapper.framework; name = GLKit.framework; path = System/Library/Frameworks/GLKit.framework; sourceTree = SDKROOT; };
		B050DF69287341EB00A346E3 /* OpenGLES.framework */ = {isa = PBXFileReference; lastKnownFileType = wrapper.framework; name = OpenGLES.framework; path = System/Library/Frameworks/OpenGLES.framework; sourceTree = SDKROOT; };
		B050DF6B287341F300A346E3 /* CoreText.framework */ = {isa = PBXFileReference; lastKnownFileType = wrapper.framework; name = CoreText.framework; path = System/Library/Frameworks/CoreText.framework; sourceTree = SDKROOT; };
		B050DF6D287341FD00A346E3 /* QuartzCore.framework */ = {isa = PBXFileReference; lastKnownFileType = wrapper.framework; name = QuartzCore.framework; path = System/Library/Frameworks/QuartzCore.framework; sourceTree = SDKROOT; };
		B050DF6F2873420800A346E3 /* CoreGraphics.framework */ = {isa = PBXFileReference; lastKnownFileType = wrapper.framework; name = CoreGraphics.framework; path = System/Library/Frameworks/CoreGraphics.framework; sourceTree = SDKROOT; };
		B050DF712873421200A346E3 /* libc++.tbd */ = {isa = PBXFileReference; lastKnownFileType = "sourcecode.text-based-dylib-definition"; name = "libc++.tbd"; path = "usr/lib/libc++.tbd"; sourceTree = SDKROOT; };
		B050DF732873421A00A346E3 /* QuickLook.framework */ = {isa = PBXFileReference; lastKnownFileType = wrapper.framework; name = QuickLook.framework; path = System/Library/Frameworks/QuickLook.framework; sourceTree = SDKROOT; };
		B050DF752873422300A346E3 /* CoreTelephony.framework */ = {isa = PBXFileReference; lastKnownFileType = wrapper.framework; name = CoreTelephony.framework; path = System/Library/Frameworks/CoreTelephony.framework; sourceTree = SDKROOT; };
		B050DF772873422C00A346E3 /* AssetsLibrary.framework */ = {isa = PBXFileReference; lastKnownFileType = wrapper.framework; name = AssetsLibrary.framework; path = System/Library/Frameworks/AssetsLibrary.framework; sourceTree = SDKROOT; };
		B050DF792873423500A346E3 /* CoreLocation.framework */ = {isa = PBXFileReference; lastKnownFileType = wrapper.framework; name = CoreLocation.framework; path = System/Library/Frameworks/CoreLocation.framework; sourceTree = SDKROOT; };
		B050DF7B2873423F00A346E3 /* AddressBook.framework */ = {isa = PBXFileReference; lastKnownFileType = wrapper.framework; name = AddressBook.framework; path = System/Library/Frameworks/AddressBook.framework; sourceTree = SDKROOT; };
		B050DF7D2873424800A346E3 /* libiconv.tbd */ = {isa = PBXFileReference; lastKnownFileType = "sourcecode.text-based-dylib-definition"; name = libiconv.tbd; path = usr/lib/libiconv.tbd; sourceTree = SDKROOT; };
		B050DFF62874837400A346E3 /* __uniappes6.js */ = {isa = PBXFileReference; fileEncoding = 4; lastKnownFileType = sourcecode.javascript; path = __uniappes6.js; sourceTree = "<group>"; };
		B050DFF72874837400A346E3 /* uni-jsframework.js */ = {isa = PBXFileReference; fileEncoding = 4; lastKnownFileType = sourcecode.javascript; path = "uni-jsframework.js"; sourceTree = "<group>"; };
		B050DFF82874837400A346E3 /* PandoraApi.bundle */ = {isa = PBXFileReference; lastKnownFileType = "wrapper.plug-in"; path = PandoraApi.bundle; sourceTree = "<group>"; };
		B050DFF92874837400A346E3 /* uni-jsframework-vue3.js */ = {isa = PBXFileReference; fileEncoding = 4; lastKnownFileType = sourcecode.javascript; path = "uni-jsframework-vue3.js"; sourceTree = "<group>"; };
		B050DFFA2874837400A346E3 /* unincomponents.ttf */ = {isa = PBXFileReference; lastKnownFileType = file; path = unincomponents.ttf; sourceTree = "<group>"; };
		B050DFFB2874837400A346E3 /* weex-polyfill.js */ = {isa = PBXFileReference; fileEncoding = 4; lastKnownFileType = sourcecode.javascript; path = "weex-polyfill.js"; sourceTree = "<group>"; };
		B050DFFC2874837400A346E3 /* weexUniJs.js */ = {isa = PBXFileReference; fileEncoding = 4; lastKnownFileType = sourcecode.javascript; path = weexUniJs.js; sourceTree = "<group>"; };
		B050E00A2874837400A346E3 /* DCUniMPSDKEngine.h */ = {isa = PBXFileReference; fileEncoding = 4; lastKnownFileType = sourcecode.c.h; path = DCUniMPSDKEngine.h; sourceTree = "<group>"; };
		B050E00B2874837400A346E3 /* DCUniMP.h */ = {isa = PBXFileReference; fileEncoding = 4; lastKnownFileType = sourcecode.c.h; path = DCUniMP.h; sourceTree = "<group>"; };
		B050E00C2874837400A346E3 /* DCUniMPConfiguration.h */ = {isa = PBXFileReference; fileEncoding = 4; lastKnownFileType = sourcecode.c.h; path = DCUniMPConfiguration.h; sourceTree = "<group>"; };
		B050E00D2874837400A346E3 /* DCUniMPInstance.h */ = {isa = PBXFileReference; fileEncoding = 4; lastKnownFileType = sourcecode.c.h; path = DCUniMPInstance.h; sourceTree = "<group>"; };
		B050E00F2874837400A346E3 /* WXModuleProtocol.h */ = {isa = PBXFileReference; fileEncoding = 4; lastKnownFileType = sourcecode.c.h; path = WXModuleProtocol.h; sourceTree = "<group>"; };
		B050E0102874837400A346E3 /* WXResourceLoader.h */ = {isa = PBXFileReference; fileEncoding = 4; lastKnownFileType = sourcecode.c.h; path = WXResourceLoader.h; sourceTree = "<group>"; };
		B050E0112874837400A346E3 /* WXApmForInstance.h */ = {isa = PBXFileReference; fileEncoding = 4; lastKnownFileType = sourcecode.c.h; path = WXApmForInstance.h; sourceTree = "<group>"; };
		B050E0122874837400A346E3 /* WXWebSocketHandler.h */ = {isa = PBXFileReference; fileEncoding = 4; lastKnownFileType = sourcecode.c.h; path = WXWebSocketHandler.h; sourceTree = "<group>"; };
		B050E0132874837400A346E3 /* WXImgLoaderProtocol.h */ = {isa = PBXFileReference; fileEncoding = 4; lastKnownFileType = sourcecode.c.h; path = WXImgLoaderProtocol.h; sourceTree = "<group>"; };
		B050E0142874837400A346E3 /* WXComponentManager.h */ = {isa = PBXFileReference; fileEncoding = 4; lastKnownFileType = sourcecode.c.h; path = WXComponentManager.h; sourceTree = "<group>"; };
		B050E0152874837400A346E3 /* WXScrollerProtocol.h */ = {isa = PBXFileReference; fileEncoding = 4; lastKnownFileType = sourcecode.c.h; path = WXScrollerProtocol.h; sourceTree = "<group>"; };
		B050E0162874837400A346E3 /* WXRichText.h */ = {isa = PBXFileReference; fileEncoding = 4; lastKnownFileType = sourcecode.c.h; path = WXRichText.h; sourceTree = "<group>"; };
		B050E0172874837400A346E3 /* WXView.h */ = {isa = PBXFileReference; fileEncoding = 4; lastKnownFileType = sourcecode.c.h; path = WXView.h; sourceTree = "<group>"; };
		B050E0182874837400A346E3 /* WXValidateProtocol.h */ = {isa = PBXFileReference; fileEncoding = 4; lastKnownFileType = sourcecode.c.h; path = WXValidateProtocol.h; sourceTree = "<group>"; };
		B050E0192874837400A346E3 /* WXDefine.h */ = {isa = PBXFileReference; fileEncoding = 4; lastKnownFileType = sourcecode.c.h; path = WXDefine.h; sourceTree = "<group>"; };
		B050E01A2874837400A346E3 /* JSContext+Weex.h */ = {isa = PBXFileReference; fileEncoding = 4; lastKnownFileType = sourcecode.c.h; path = "JSContext+Weex.h"; sourceTree = "<group>"; };
		B050E01B2874837400A346E3 /* WXExtendCallNativeProtocol.h */ = {isa = PBXFileReference; fileEncoding = 4; lastKnownFileType = sourcecode.c.h; path = WXExtendCallNativeProtocol.h; sourceTree = "<group>"; };
		B050E01C2874837400A346E3 /* WXSDKEngine.h */ = {isa = PBXFileReference; fileEncoding = 4; lastKnownFileType = sourcecode.c.h; path = WXSDKEngine.h; sourceTree = "<group>"; };
		B050E01D2874837400A346E3 /* style.h */ = {isa = PBXFileReference; fileEncoding = 4; lastKnownFileType = sourcecode.c.h; path = style.h; sourceTree = "<group>"; };
		B050E01E2874837400A346E3 /* WXResourceRequestHandler.h */ = {isa = PBXFileReference; fileEncoding = 4; lastKnownFileType = sourcecode.c.h; path = WXResourceRequestHandler.h; sourceTree = "<group>"; };
		B050E01F2874837400A346E3 /* WXDisplayLinkManager.h */ = {isa = PBXFileReference; fileEncoding = 4; lastKnownFileType = sourcecode.c.h; path = WXDisplayLinkManager.h; sourceTree = "<group>"; };
		B050E0202874837400A346E3 /* WXUtility.h */ = {isa = PBXFileReference; fileEncoding = 4; lastKnownFileType = sourcecode.c.h; path = WXUtility.h; sourceTree = "<group>"; };
		B050E0212874837400A346E3 /* WXResourceRequest.h */ = {isa = PBXFileReference; fileEncoding = 4; lastKnownFileType = sourcecode.c.h; path = WXResourceRequest.h; sourceTree = "<group>"; };
		B050E0222874837400A346E3 /* WXConvert.h */ = {isa = PBXFileReference; fileEncoding = 4; lastKnownFileType = sourcecode.c.h; path = WXConvert.h; sourceTree = "<group>"; };
		B050E0232874837400A346E3 /* WXPageEventNotifyEvent.h */ = {isa = PBXFileReference; fileEncoding = 4; lastKnownFileType = sourcecode.c.h; path = WXPageEventNotifyEvent.h; sourceTree = "<group>"; };
		B050E0242874837400A346E3 /* WXSDKInstance.h */ = {isa = PBXFileReference; fileEncoding = 4; lastKnownFileType = sourcecode.c.h; path = WXSDKInstance.h; sourceTree = "<group>"; };
		B050E0252874837400A346E3 /* WXSDKManager.h */ = {isa = PBXFileReference; fileEncoding = 4; lastKnownFileType = sourcecode.c.h; path = WXSDKManager.h; sourceTree = "<group>"; };
		B050E0262874837400A346E3 /* WXDebugTool.h */ = {isa = PBXFileReference; fileEncoding = 4; lastKnownFileType = sourcecode.c.h; path = WXDebugTool.h; sourceTree = "<group>"; };
		B050E0272874837400A346E3 /* WXType.h */ = {isa = PBXFileReference; fileEncoding = 4; lastKnownFileType = sourcecode.c.h; path = WXType.h; sourceTree = "<group>"; };
		B050E0282874837400A346E3 /* WXApmProtocol.h */ = {isa = PBXFileReference; fileEncoding = 4; lastKnownFileType = sourcecode.c.h; path = WXApmProtocol.h; sourceTree = "<group>"; };
		B050E0292874837400A346E3 /* WXJSFrameworkLoadProtocol.h */ = {isa = PBXFileReference; fileEncoding = 4; lastKnownFileType = sourcecode.c.h; path = WXJSFrameworkLoadProtocol.h; sourceTree = "<group>"; };
		B050E02A2874837400A346E3 /* WXExceptionUtils.h */ = {isa = PBXFileReference; fileEncoding = 4; lastKnownFileType = sourcecode.c.h; path = WXExceptionUtils.h; sourceTree = "<group>"; };
		B050E02B2874837400A346E3 /* WXIndicatorComponent.h */ = {isa = PBXFileReference; fileEncoding = 4; lastKnownFileType = sourcecode.c.h; path = WXIndicatorComponent.h; sourceTree = "<group>"; };
		B050E02C2874837400A346E3 /* WXErrorView.h */ = {isa = PBXFileReference; fileEncoding = 4; lastKnownFileType = sourcecode.c.h; path = WXErrorView.h; sourceTree = "<group>"; };
		B050E02D2874837400A346E3 /* NSObject+WXSwizzle.h */ = {isa = PBXFileReference; fileEncoding = 4; lastKnownFileType = sourcecode.c.h; path = "NSObject+WXSwizzle.h"; sourceTree = "<group>"; };
		B050E02E2874837400A346E3 /* WXMonitor.h */ = {isa = PBXFileReference; fileEncoding = 4; lastKnownFileType = sourcecode.c.h; path = WXMonitor.h; sourceTree = "<group>"; };
		B050E02F2874837400A346E3 /* WXSDKInstance+DCExtend.h */ = {isa = PBXFileReference; fileEncoding = 4; lastKnownFileType = sourcecode.c.h; path = "WXSDKInstance+DCExtend.h"; sourceTree = "<group>"; };
		B050E0302874837400A346E3 /* WXRecyclerComponent.h */ = {isa = PBXFileReference; fileEncoding = 4; lastKnownFileType = sourcecode.c.h; path = WXRecyclerComponent.h; sourceTree = "<group>"; };
		B050E0312874837400A346E3 /* WXScrollerComponent.h */ = {isa = PBXFileReference; fileEncoding = 4; lastKnownFileType = sourcecode.c.h; path = WXScrollerComponent.h; sourceTree = "<group>"; };
		B050E0322874837400A346E3 /* WXNetworkProtocol.h */ = {isa = PBXFileReference; fileEncoding = 4; lastKnownFileType = sourcecode.c.h; path = WXNetworkProtocol.h; sourceTree = "<group>"; };
		B050E0332874837400A346E3 /* WXTracingManager.h */ = {isa = PBXFileReference; fileEncoding = 4; lastKnownFileType = sourcecode.c.h; path = WXTracingManager.h; sourceTree = "<group>"; };
		B050E0342874837400A346E3 /* WXComponent.h */ = {isa = PBXFileReference; fileEncoding = 4; lastKnownFileType = sourcecode.c.h; path = WXComponent.h; sourceTree = "<group>"; };
		B050E0352874837400A346E3 /* WXPrerenderManager.h */ = {isa = PBXFileReference; fileEncoding = 4; lastKnownFileType = sourcecode.c.h; path = WXPrerenderManager.h; sourceTree = "<group>"; };
		B050E0362874837400A346E3 /* WXComponent+Layout.h */ = {isa = PBXFileReference; fileEncoding = 4; lastKnownFileType = sourcecode.c.h; path = "WXComponent+Layout.h"; sourceTree = "<group>"; };
		B050E0372874837400A346E3 /* layout.h */ = {isa = PBXFileReference; fileEncoding = 4; lastKnownFileType = sourcecode.c.h; path = layout.h; sourceTree = "<group>"; };
		B050E0382874837400A346E3 /* WXSDKInstance+Bridge.h */ = {isa = PBXFileReference; fileEncoding = 4; lastKnownFileType = sourcecode.c.h; path = "WXSDKInstance+Bridge.h"; sourceTree = "<group>"; };
		B050E0392874837400A346E3 /* UniPluginProtocol.h */ = {isa = PBXFileReference; fileEncoding = 4; lastKnownFileType = sourcecode.c.h; path = UniPluginProtocol.h; sourceTree = "<group>"; };
		B050E03A2874837400A346E3 /* WXModalUIModule.h */ = {isa = PBXFileReference; fileEncoding = 4; lastKnownFileType = sourcecode.c.h; path = WXModalUIModule.h; sourceTree = "<group>"; };
		B050E03B2874837400A346E3 /* WXAnalyzerCenter.h */ = {isa = PBXFileReference; fileEncoding = 4; lastKnownFileType = sourcecode.c.h; path = WXAnalyzerCenter.h; sourceTree = "<group>"; };
		B050E03C2874837400A346E3 /* WXVoiceOverModule.h */ = {isa = PBXFileReference; fileEncoding = 4; lastKnownFileType = sourcecode.c.h; path = WXVoiceOverModule.h; sourceTree = "<group>"; };
		B050E03D2874837400A346E3 /* WXRootView.h */ = {isa = PBXFileReference; fileEncoding = 4; lastKnownFileType = sourcecode.c.h; path = WXRootView.h; sourceTree = "<group>"; };
		B050E03E2874837400A346E3 /* WXAppConfiguration.h */ = {isa = PBXFileReference; fileEncoding = 4; lastKnownFileType = sourcecode.c.h; path = WXAppConfiguration.h; sourceTree = "<group>"; };
		B050E03F2874837400A346E3 /* WXListComponent.h */ = {isa = PBXFileReference; fileEncoding = 4; lastKnownFileType = sourcecode.c.h; path = WXListComponent.h; sourceTree = "<group>"; };
		B050E0402874837400A346E3 /* WXSDKError.h */ = {isa = PBXFileReference; fileEncoding = 4; lastKnownFileType = sourcecode.c.h; path = WXSDKError.h; sourceTree = "<group>"; };
		B050E0412874837400A346E3 /* WXRootViewController.h */ = {isa = PBXFileReference; fileEncoding = 4; lastKnownFileType = sourcecode.c.h; path = WXRootViewController.h; sourceTree = "<group>"; };
		B050E0422874837400A346E3 /* WXNavigationProtocol.h */ = {isa = PBXFileReference; fileEncoding = 4; lastKnownFileType = sourcecode.c.h; path = WXNavigationProtocol.h; sourceTree = "<group>"; };
		B050E0432874837400A346E3 /* WXAnalyzerProtocol.h */ = {isa = PBXFileReference; fileEncoding = 4; lastKnownFileType = sourcecode.c.h; path = WXAnalyzerProtocol.h; sourceTree = "<group>"; };
		B050E0442874837400A346E3 /* WeexSDK.h */ = {isa = PBXFileReference; fileEncoding = 4; lastKnownFileType = sourcecode.c.h; path = WeexSDK.h; sourceTree = "<group>"; };
		B050E0452874837400A346E3 /* WXBridgeManager.h */ = {isa = PBXFileReference; fileEncoding = 4; lastKnownFileType = sourcecode.c.h; path = WXBridgeManager.h; sourceTree = "<group>"; };
		B050E0462874837400A346E3 /* WXResourceResponse.h */ = {isa = PBXFileReference; fileEncoding = 4; lastKnownFileType = sourcecode.c.h; path = WXResourceResponse.h; sourceTree = "<group>"; };
		B050E0472874837400A346E3 /* WXBaseViewController.h */ = {isa = PBXFileReference; fileEncoding = 4; lastKnownFileType = sourcecode.c.h; path = WXBaseViewController.h; sourceTree = "<group>"; };
		B050E0482874837400A346E3 /* WXAppMonitorProtocol.h */ = {isa = PBXFileReference; fileEncoding = 4; lastKnownFileType = sourcecode.c.h; path = WXAppMonitorProtocol.h; sourceTree = "<group>"; };
		B050E0492874837400A346E3 /* WeexProtocol.h */ = {isa = PBXFileReference; fileEncoding = 4; lastKnownFileType = sourcecode.c.h; path = WeexProtocol.h; sourceTree = "<group>"; };
		B050E04A2874837400A346E3 /* WXJSExceptionProtocol.h */ = {isa = PBXFileReference; fileEncoding = 4; lastKnownFileType = sourcecode.c.h; path = WXJSExceptionProtocol.h; sourceTree = "<group>"; };
		B050E04B2874837400A346E3 /* WXJSExceptionInfo.h */ = {isa = PBXFileReference; fileEncoding = 4; lastKnownFileType = sourcecode.c.h; path = WXJSExceptionInfo.h; sourceTree = "<group>"; };
		B050E04C2874837400A346E3 /* WXTracingProtocol.h */ = {isa = PBXFileReference; fileEncoding = 4; lastKnownFileType = sourcecode.c.h; path = WXTracingProtocol.h; sourceTree = "<group>"; };
		B050E04D2874837400A346E3 /* flex_enum.h */ = {isa = PBXFileReference; fileEncoding = 4; lastKnownFileType = sourcecode.c.h; path = flex_enum.h; sourceTree = "<group>"; };
		B050E04E2874837400A346E3 /* WXConfigCenterProtocol.h */ = {isa = PBXFileReference; fileEncoding = 4; lastKnownFileType = sourcecode.c.h; path = WXConfigCenterProtocol.h; sourceTree = "<group>"; };
		B050E04F2874837400A346E3 /* WXEventModuleProtocol.h */ = {isa = PBXFileReference; fileEncoding = 4; lastKnownFileType = sourcecode.c.h; path = WXEventModuleProtocol.h; sourceTree = "<group>"; };
		B050E0502874837400A346E3 /* WXURLRewriteProtocol.h */ = {isa = PBXFileReference; fileEncoding = 4; lastKnownFileType = sourcecode.c.h; path = WXURLRewriteProtocol.h; sourceTree = "<group>"; };
		B050E0512874837400A346E3 /* WXAComponent.h */ = {isa = PBXFileReference; fileEncoding = 4; lastKnownFileType = sourcecode.c.h; path = WXAComponent.h; sourceTree = "<group>"; };
		B050E0522874837400A346E3 /* WXBridgeProtocol.h */ = {isa = PBXFileReference; fileEncoding = 4; lastKnownFileType = sourcecode.c.h; path = WXBridgeProtocol.h; sourceTree = "<group>"; };
		B050E0532874837400A346E3 /* DCUniMPError.h */ = {isa = PBXFileReference; fileEncoding = 4; lastKnownFileType = sourcecode.c.h; path = DCUniMPError.h; sourceTree = "<group>"; };
		B050E0542874837400A346E3 /* DCUniMPMenuActionSheetStyle.h */ = {isa = PBXFileReference; fileEncoding = 4; lastKnownFileType = sourcecode.c.h; path = DCUniMPMenuActionSheetStyle.h; sourceTree = "<group>"; };
		B09C54B02875EEAE00FA78D2 /* __UNI__F87B0CE.wgt */ = {isa = PBXFileReference; lastKnownFileType = file; path = __UNI__F87B0CE.wgt; sourceTree = "<group>"; };
		B09C54B42875F10A00FA78D2 /* __UNI__3BC70CE.wgt */ = {isa = PBXFileReference; lastKnownFileType = file; path = __UNI__3BC70CE.wgt; sourceTree = "<group>"; };
		B09C54B62879FDD600FA78D2 /* storage.framework */ = {isa = PBXFileReference; lastKnownFileType = wrapper.framework; name = storage.framework; path = "../../../../../../Downloads/UniMPSDK_iOS@3.4.7/UniMPSDK/Core/Libs/storage.framework"; sourceTree = "<group>"; };
		B09C54B72879FDD700FA78D2 /* libSDWebImage.a */ = {isa = PBXFileReference; lastKnownFileType = archive.ar; name = libSDWebImage.a; path = "../../../../../../Downloads/UniMPSDK_iOS@3.4.7/UniMPSDK/Core/Libs/libSDWebImage.a"; sourceTree = "<group>"; };
		B09C54B82879FDD700FA78D2 /* liblibWeex.a */ = {isa = PBXFileReference; lastKnownFileType = archive.ar; name = liblibWeex.a; path = "../../../../../../Downloads/UniMPSDK_iOS@3.4.7/UniMPSDK/Core/Libs/liblibWeex.a"; sourceTree = "<group>"; };
		B09C54B92879FDD700FA78D2 /* liblibNativeUI.a */ = {isa = PBXFileReference; lastKnownFileType = archive.ar; name = liblibNativeUI.a; path = "../../../../../../Downloads/UniMPSDK_iOS@3.4.7/UniMPSDK/Core/Libs/liblibNativeUI.a"; sourceTree = "<group>"; };
		B09C54BA2879FDD700FA78D2 /* liblibNavigator.a */ = {isa = PBXFileReference; lastKnownFileType = archive.ar; name = liblibNavigator.a; path = "../../../../../../Downloads/UniMPSDK_iOS@3.4.7/UniMPSDK/Core/Libs/liblibNavigator.a"; sourceTree = "<group>"; };
		B09C54BB2879FDD700FA78D2 /* libcoreSupport.a */ = {isa = PBXFileReference; lastKnownFileType = archive.ar; name = libcoreSupport.a; path = "../../../../../../Downloads/UniMPSDK_iOS@3.4.7/UniMPSDK/Core/Libs/libcoreSupport.a"; sourceTree = "<group>"; };
		B09C54BC2879FDD700FA78D2 /* liblibStorage.a */ = {isa = PBXFileReference; lastKnownFileType = archive.ar; name = liblibStorage.a; path = "../../../../../../Downloads/UniMPSDK_iOS@3.4.7/UniMPSDK/Core/Libs/liblibStorage.a"; sourceTree = "<group>"; };
		B09C54BD2879FDD700FA78D2 /* liblibUI.a */ = {isa = PBXFileReference; lastKnownFileType = archive.ar; name = liblibUI.a; path = "../../../../../../Downloads/UniMPSDK_iOS@3.4.7/UniMPSDK/Core/Libs/liblibUI.a"; sourceTree = "<group>"; };
		B09C54BE2879FDD700FA78D2 /* liblibIO.a */ = {isa = PBXFileReference; lastKnownFileType = archive.ar; name = liblibIO.a; path = "../../../../../../Downloads/UniMPSDK_iOS@3.4.7/UniMPSDK/Core/Libs/liblibIO.a"; sourceTree = "<group>"; };
		B09C54BF2879FDD700FA78D2 /* liblibPDRCore.a */ = {isa = PBXFileReference; lastKnownFileType = archive.ar; name = liblibPDRCore.a; path = "../../../../../../Downloads/UniMPSDK_iOS@3.4.7/UniMPSDK/Core/Libs/liblibPDRCore.a"; sourceTree = "<group>"; };
		B09C54C02879FDD700FA78D2 /* liblibNativeObj.a */ = {isa = PBXFileReference; lastKnownFileType = archive.ar; name = liblibNativeObj.a; path = "../../../../../../Downloads/UniMPSDK_iOS@3.4.7/UniMPSDK/Core/Libs/liblibNativeObj.a"; sourceTree = "<group>"; };
		E2E6ACD1DAB48B7E4C4F77FE /* Pods_Runner.framework */ = {isa = PBXFileReference; explicitFileType = wrapper.framework; includeInIndex = 0; path = Pods_Runner.framework; sourceTree = BUILT_PRODUCTS_DIR; };
/* End PBXFileReference section */

/* Begin PBXFrameworksBuildPhase section */
		97C146EB1CF9000F007C117D /* Frameworks */ = {
			isa = PBXFrameworksBuildPhase;
			buildActionMask = 2147483647;
			files = (
				B050DF7E2873424800A346E3 /* libiconv.tbd in Frameworks */,
				B050DF7C2873423F00A346E3 /* AddressBook.framework in Frameworks */,
				B050DF7A2873423500A346E3 /* CoreLocation.framework in Frameworks */,
				B050DF782873422D00A346E3 /* AssetsLibrary.framework in Frameworks */,
				B050DF762873422400A346E3 /* CoreTelephony.framework in Frameworks */,
				B050DF742873421A00A346E3 /* QuickLook.framework in Frameworks */,
				B050DF722873421200A346E3 /* libc++.tbd in Frameworks */,
				B050DF702873420900A346E3 /* CoreGraphics.framework in Frameworks */,
				B050DF6E287341FD00A346E3 /* QuartzCore.framework in Frameworks */,
				B050DF6C287341F300A346E3 /* CoreText.framework in Frameworks */,
				B050DF6A287341EB00A346E3 /* OpenGLES.framework in Frameworks */,
				B050DF68287341DD00A346E3 /* GLKit.framework in Frameworks */,
				B050DF66287341CE00A346E3 /* AVKit.framework in Frameworks */,
				B050DF64287341BE00A346E3 /* AVFoundation.framework in Frameworks */,
				B050DF62287341B200A346E3 /* MediaPlayer.framework in Frameworks */,
				B050DF5E2873418A00A346E3 /* JavaScriptCore.framework in Frameworks */,
				B050DF60287341A500A346E3 /* CoreMedia.framework in Frameworks */,
				E6785185D82D85A9E7DD848B /* Pods_Runner.framework in Frameworks */,
			);
			runOnlyForDeploymentPostprocessing = 0;
		};
/* End PBXFrameworksBuildPhase section */

/* Begin PBXGroup section */
		58B136A49ECE204E1D5D5324 /* Frameworks */ = {
			isa = PBXGroup;
			children = (
				B09C54BB2879FDD700FA78D2 /* libcoreSupport.a */,
				B09C54BE2879FDD700FA78D2 /* liblibIO.a */,
				B09C54C02879FDD700FA78D2 /* liblibNativeObj.a */,
				B09C54B92879FDD700FA78D2 /* liblibNativeUI.a */,
				B09C54BA2879FDD700FA78D2 /* liblibNavigator.a */,
				B09C54BF2879FDD700FA78D2 /* liblibPDRCore.a */,
				B09C54BC2879FDD700FA78D2 /* liblibStorage.a */,
				B09C54BD2879FDD700FA78D2 /* liblibUI.a */,
				B09C54B82879FDD700FA78D2 /* liblibWeex.a */,
				B09C54B72879FDD700FA78D2 /* libSDWebImage.a */,
				B09C54B62879FDD600FA78D2 /* storage.framework */,
				B050DF7D2873424800A346E3 /* libiconv.tbd */,
				B050DF7B2873423F00A346E3 /* AddressBook.framework */,
				B050DF792873423500A346E3 /* CoreLocation.framework */,
				B050DF772873422C00A346E3 /* AssetsLibrary.framework */,
				B050DF752873422300A346E3 /* CoreTelephony.framework */,
				B050DF732873421A00A346E3 /* QuickLook.framework */,
				B050DF712873421200A346E3 /* libc++.tbd */,
				B050DF6F2873420800A346E3 /* CoreGraphics.framework */,
				B050DF6D287341FD00A346E3 /* QuartzCore.framework */,
				B050DF6B287341F300A346E3 /* CoreText.framework */,
				B050DF69287341EB00A346E3 /* OpenGLES.framework */,
				B050DF67287341DD00A346E3 /* GLKit.framework */,
				B050DF65287341CE00A346E3 /* AVKit.framework */,
				B050DF63287341BE00A346E3 /* AVFoundation.framework */,
				B050DF61287341B200A346E3 /* MediaPlayer.framework */,
				B050DF5F287341A500A346E3 /* CoreMedia.framework */,
				B050DF5D2873418A00A346E3 /* JavaScriptCore.framework */,
				E2E6ACD1DAB48B7E4C4F77FE /* Pods_Runner.framework */,
			);
			name = Frameworks;
			sourceTree = "<group>";
		};
		957EA363FC0276A474975310 /* Pods */ = {
			isa = PBXGroup;
			children = (
				A8D3547221C1482192BEF73C /* Pods-Runner.debug.xcconfig */,
				838CA277EC101CDDA90C8229 /* Pods-Runner.release.xcconfig */,
				7AB4490E98B1496A645BF347 /* Pods-Runner.profile.xcconfig */,
			);
			path = Pods;
			sourceTree = "<group>";
		};
		9740EEB11CF90186004384FC /* Flutter */ = {
			isa = PBXGroup;
			children = (
				3B3967151E833CAA004F5970 /* AppFrameworkInfo.plist */,
				9740EEB21CF90195004384FC /* Debug.xcconfig */,
				7AFA3C8E1D35360C0083082E /* Release.xcconfig */,
				9740EEB31CF90195004384FC /* Generated.xcconfig */,
			);
			name = Flutter;
			sourceTree = "<group>";
		};
		97C146E51CF9000F007C117D = {
			isa = PBXGroup;
			children = (
				9740EEB11CF90186004384FC /* Flutter */,
				97C146F01CF9000F007C117D /* Runner */,
				97C146EF1CF9000F007C117D /* Products */,
				957EA363FC0276A474975310 /* Pods */,
				58B136A49ECE204E1D5D5324 /* Frameworks */,
			);
			sourceTree = "<group>";
		};
		97C146EF1CF9000F007C117D /* Products */ = {
			isa = PBXGroup;
			children = (
				97C146EE1CF9000F007C117D /* Runner.app */,
			);
			name = Products;
			sourceTree = "<group>";
		};
		97C146F01CF9000F007C117D /* Runner */ = {
			isa = PBXGroup;
			children = (
				B050DFF32874834400A346E3 /* UniMPSDK */,
				97C146FA1CF9000F007C117D /* Main.storyboard */,
				97C146FD1CF9000F007C117D /* Assets.xcassets */,
				97C146FF1CF9000F007C117D /* LaunchScreen.storyboard */,
				97C147021CF9000F007C117D /* Info.plist */,
				1498D2321E8E86230040F4C2 /* GeneratedPluginRegistrant.h */,
				1498D2331E8E89220040F4C2 /* GeneratedPluginRegistrant.m */,
				74858FAE1ED2DC5600515810 /* AppDelegate.swift */,
				74858FAD1ED2DC5600515810 /* Runner-Bridging-Header.h */,
			);
			path = Runner;
			sourceTree = "<group>";
		};
		B050DFF32874834400A346E3 /* UniMPSDK */ = {
			isa = PBXGroup;
			children = (
				B050E0672874859800A346E3 /* Apps */,
				B050DFF42874837400A346E3 /* Core */,
			);
			path = UniMPSDK;
			sourceTree = "<group>";
		};
		B050DFF42874837400A346E3 /* Core */ = {
			isa = PBXGroup;
			children = (
				B050DFF52874837400A346E3 /* Resources */,
				B050DFFD2874837400A346E3 /* Libs */,
				B050E0092874837400A346E3 /* Headers */,
			);
			path = Core;
			sourceTree = "<group>";
		};
		B050DFF52874837400A346E3 /* Resources */ = {
			isa = PBXGroup;
			children = (
				B050DFF62874837400A346E3 /* __uniappes6.js */,
				B050DFF72874837400A346E3 /* uni-jsframework.js */,
				B050DFF82874837400A346E3 /* PandoraApi.bundle */,
				B050DFF92874837400A346E3 /* uni-jsframework-vue3.js */,
				B050DFFA2874837400A346E3 /* unincomponents.ttf */,
				B050DFFB2874837400A346E3 /* weex-polyfill.js */,
				B050DFFC2874837400A346E3 /* weexUniJs.js */,
			);
			path = Resources;
			sourceTree = "<group>";
		};
		B050DFFD2874837400A346E3 /* Libs */ = {
			isa = PBXGroup;
			children = (
			);
			path = Libs;
			sourceTree = "<group>";
		};
		B050E0092874837400A346E3 /* Headers */ = {
			isa = PBXGroup;
			children = (
				B050E00A2874837400A346E3 /* DCUniMPSDKEngine.h */,
				B050E00B2874837400A346E3 /* DCUniMP.h */,
				B050E00C2874837400A346E3 /* DCUniMPConfiguration.h */,
				B050E00D2874837400A346E3 /* DCUniMPInstance.h */,
				B050E00E2874837400A346E3 /* weexHeader */,
				B050E0532874837400A346E3 /* DCUniMPError.h */,
				B050E0542874837400A346E3 /* DCUniMPMenuActionSheetStyle.h */,
			);
			path = Headers;
			sourceTree = "<group>";
		};
		B050E00E2874837400A346E3 /* weexHeader */ = {
			isa = PBXGroup;
			children = (
				B050E00F2874837400A346E3 /* WXModuleProtocol.h */,
				B050E0102874837400A346E3 /* WXResourceLoader.h */,
				B050E0112874837400A346E3 /* WXApmForInstance.h */,
				B050E0122874837400A346E3 /* WXWebSocketHandler.h */,
				B050E0132874837400A346E3 /* WXImgLoaderProtocol.h */,
				B050E0142874837400A346E3 /* WXComponentManager.h */,
				B050E0152874837400A346E3 /* WXScrollerProtocol.h */,
				B050E0162874837400A346E3 /* WXRichText.h */,
				B050E0172874837400A346E3 /* WXView.h */,
				B050E0182874837400A346E3 /* WXValidateProtocol.h */,
				B050E0192874837400A346E3 /* WXDefine.h */,
				B050E01A2874837400A346E3 /* JSContext+Weex.h */,
				B050E01B2874837400A346E3 /* WXExtendCallNativeProtocol.h */,
				B050E01C2874837400A346E3 /* WXSDKEngine.h */,
				B050E01D2874837400A346E3 /* style.h */,
				B050E01E2874837400A346E3 /* WXResourceRequestHandler.h */,
				B050E01F2874837400A346E3 /* WXDisplayLinkManager.h */,
				B050E0202874837400A346E3 /* WXUtility.h */,
				B050E0212874837400A346E3 /* WXResourceRequest.h */,
				B050E0222874837400A346E3 /* WXConvert.h */,
				B050E0232874837400A346E3 /* WXPageEventNotifyEvent.h */,
				B050E0242874837400A346E3 /* WXSDKInstance.h */,
				B050E0252874837400A346E3 /* WXSDKManager.h */,
				B050E0262874837400A346E3 /* WXDebugTool.h */,
				B050E0272874837400A346E3 /* WXType.h */,
				B050E0282874837400A346E3 /* WXApmProtocol.h */,
				B050E0292874837400A346E3 /* WXJSFrameworkLoadProtocol.h */,
				B050E02A2874837400A346E3 /* WXExceptionUtils.h */,
				B050E02B2874837400A346E3 /* WXIndicatorComponent.h */,
				B050E02C2874837400A346E3 /* WXErrorView.h */,
				B050E02D2874837400A346E3 /* NSObject+WXSwizzle.h */,
				B050E02E2874837400A346E3 /* WXMonitor.h */,
				B050E02F2874837400A346E3 /* WXSDKInstance+DCExtend.h */,
				B050E0302874837400A346E3 /* WXRecyclerComponent.h */,
				B050E0312874837400A346E3 /* WXScrollerComponent.h */,
				B050E0322874837400A346E3 /* WXNetworkProtocol.h */,
				B050E0332874837400A346E3 /* WXTracingManager.h */,
				B050E0342874837400A346E3 /* WXComponent.h */,
				B050E0352874837400A346E3 /* WXPrerenderManager.h */,
				B050E0362874837400A346E3 /* WXComponent+Layout.h */,
				B050E0372874837400A346E3 /* layout.h */,
				B050E0382874837400A346E3 /* WXSDKInstance+Bridge.h */,
				B050E0392874837400A346E3 /* UniPluginProtocol.h */,
				B050E03A2874837400A346E3 /* WXModalUIModule.h */,
				B050E03B2874837400A346E3 /* WXAnalyzerCenter.h */,
				B050E03C2874837400A346E3 /* WXVoiceOverModule.h */,
				B050E03D2874837400A346E3 /* WXRootView.h */,
				B050E03E2874837400A346E3 /* WXAppConfiguration.h */,
				B050E03F2874837400A346E3 /* WXListComponent.h */,
				B050E0402874837400A346E3 /* WXSDKError.h */,
				B050E0412874837400A346E3 /* WXRootViewController.h */,
				B050E0422874837400A346E3 /* WXNavigationProtocol.h */,
				B050E0432874837400A346E3 /* WXAnalyzerProtocol.h */,
				B050E0442874837400A346E3 /* WeexSDK.h */,
				B050E0452874837400A346E3 /* WXBridgeManager.h */,
				B050E0462874837400A346E3 /* WXResourceResponse.h */,
				B050E0472874837400A346E3 /* WXBaseViewController.h */,
				B050E0482874837400A346E3 /* WXAppMonitorProtocol.h */,
				B050E0492874837400A346E3 /* WeexProtocol.h */,
				B050E04A2874837400A346E3 /* WXJSExceptionProtocol.h */,
				B050E04B2874837400A346E3 /* WXJSExceptionInfo.h */,
				B050E04C2874837400A346E3 /* WXTracingProtocol.h */,
				B050E04D2874837400A346E3 /* flex_enum.h */,
				B050E04E2874837400A346E3 /* WXConfigCenterProtocol.h */,
				B050E04F2874837400A346E3 /* WXEventModuleProtocol.h */,
				B050E0502874837400A346E3 /* WXURLRewriteProtocol.h */,
				B050E0512874837400A346E3 /* WXAComponent.h */,
				B050E0522874837400A346E3 /* WXBridgeProtocol.h */,
			);
			path = weexHeader;
			sourceTree = "<group>";
		};
		B050E0672874859800A346E3 /* Apps */ = {
			isa = PBXGroup;
			children = (
				B09C54B42875F10A00FA78D2 /* __UNI__3BC70CE.wgt */,
				B09C54B02875EEAE00FA78D2 /* __UNI__F87B0CE.wgt */,
			);
			path = Apps;
			sourceTree = "<group>";
		};
/* End PBXGroup section */

/* Begin PBXNativeTarget section */
		97C146ED1CF9000F007C117D /* Runner */ = {
			isa = PBXNativeTarget;
			buildConfigurationList = 97C147051CF9000F007C117D /* Build configuration list for PBXNativeTarget "Runner" */;
			buildPhases = (
				2196E4F158D50D68A697C0BE /* [CP] Check Pods Manifest.lock */,
				9740EEB61CF901F6004384FC /* Run Script */,
				97C146EA1CF9000F007C117D /* Sources */,
				97C146EB1CF9000F007C117D /* Frameworks */,
				97C146EC1CF9000F007C117D /* Resources */,
				9705A1C41CF9048500538489 /* Embed Frameworks */,
				3B06AD1E1E4923F5004D2608 /* Thin Binary */,
				013B7F3D0AF93E1B680DC9E0 /* [CP] Embed Pods Frameworks */,
			);
			buildRules = (
			);
			dependencies = (
			);
			name = Runner;
			productName = Runner;
			productReference = 97C146EE1CF9000F007C117D /* Runner.app */;
			productType = "com.apple.product-type.application";
		};
/* End PBXNativeTarget section */

/* Begin PBXProject section */
		97C146E61CF9000F007C117D /* Project object */ = {
			isa = PBXProject;
			attributes = {
				LastUpgradeCheck = 1300;
				ORGANIZATIONNAME = "";
				TargetAttributes = {
					97C146ED1CF9000F007C117D = {
						CreatedOnToolsVersion = 7.3.1;
						LastSwiftMigration = 1100;
					};
				};
			};
			buildConfigurationList = 97C146E91CF9000F007C117D /* Build configuration list for PBXProject "Runner" */;
			compatibilityVersion = "Xcode 9.3";
			developmentRegion = en;
			hasScannedForEncodings = 0;
			knownRegions = (
				en,
				Base,
			);
			mainGroup = 97C146E51CF9000F007C117D;
			productRefGroup = 97C146EF1CF9000F007C117D /* Products */;
			projectDirPath = "";
			projectRoot = "";
			targets = (
				97C146ED1CF9000F007C117D /* Runner */,
			);
		};
/* End PBXProject section */

/* Begin PBXResourcesBuildPhase section */
		97C146EC1CF9000F007C117D /* Resources */ = {
			isa = PBXResourcesBuildPhase;
			buildActionMask = 2147483647;
			files = (
				97C147011CF9000F007C117D /* LaunchScreen.storyboard in Resources */,
				B09C54B22875EEAE00FA78D2 /* __UNI__F87B0CE.wgt in Resources */,
				B050E0552874837400A346E3 /* __uniappes6.js in Resources */,
				B050E05A2874837400A346E3 /* weex-polyfill.js in Resources */,
				3B3967161E833CAA004F5970 /* AppFrameworkInfo.plist in Resources */,
				B050E0572874837400A346E3 /* PandoraApi.bundle in Resources */,
				97C146FE1CF9000F007C117D /* Assets.xcassets in Resources */,
				B09C54B52875F10A00FA78D2 /* __UNI__3BC70CE.wgt in Resources */,
				B050E0592874837400A346E3 /* unincomponents.ttf in Resources */,
				97C146FC1CF9000F007C117D /* Main.storyboard in Resources */,
				B050E0582874837400A346E3 /* uni-jsframework-vue3.js in Resources */,
				B050E05B2874837400A346E3 /* weexUniJs.js in Resources */,
				B050E0562874837400A346E3 /* uni-jsframework.js in Resources */,
			);
			runOnlyForDeploymentPostprocessing = 0;
		};
/* End PBXResourcesBuildPhase section */

/* Begin PBXShellScriptBuildPhase section */
		013B7F3D0AF93E1B680DC9E0 /* [CP] Embed Pods Frameworks */ = {
			isa = PBXShellScriptBuildPhase;
			buildActionMask = 2147483647;
			files = (
			);
			inputFileListPaths = (
				"${PODS_ROOT}/Target Support Files/Pods-Runner/Pods-Runner-frameworks-${CONFIGURATION}-input-files.xcfilelist",
			);
			name = "[CP] Embed Pods Frameworks";
			outputFileListPaths = (
				"${PODS_ROOT}/Target Support Files/Pods-Runner/Pods-Runner-frameworks-${CONFIGURATION}-output-files.xcfilelist",
			);
			runOnlyForDeploymentPostprocessing = 0;
			shellPath = /bin/sh;
			shellScript = "\"${PODS_ROOT}/Target Support Files/Pods-Runner/Pods-Runner-frameworks.sh\"\n";
			showEnvVarsInLog = 0;
		};
		2196E4F158D50D68A697C0BE /* [CP] Check Pods Manifest.lock */ = {
			isa = PBXShellScriptBuildPhase;
			buildActionMask = 2147483647;
			files = (
			);
			inputFileListPaths = (
			);
			inputPaths = (
				"${PODS_PODFILE_DIR_PATH}/Podfile.lock",
				"${PODS_ROOT}/Manifest.lock",
			);
			name = "[CP] Check Pods Manifest.lock";
			outputFileListPaths = (
			);
			outputPaths = (
				"$(DERIVED_FILE_DIR)/Pods-Runner-checkManifestLockResult.txt",
			);
			runOnlyForDeploymentPostprocessing = 0;
			shellPath = /bin/sh;
			shellScript = "diff \"${PODS_PODFILE_DIR_PATH}/Podfile.lock\" \"${PODS_ROOT}/Manifest.lock\" > /dev/null\nif [ $? != 0 ] ; then\n    # print error to STDERR\n    echo \"error: The sandbox is not in sync with the Podfile.lock. Run 'pod install' or update your CocoaPods installation.\" >&2\n    exit 1\nfi\n# This output is used by Xcode 'outputs' to avoid re-running this script phase.\necho \"SUCCESS\" > \"${SCRIPT_OUTPUT_FILE_0}\"\n";
			showEnvVarsInLog = 0;
		};
		3B06AD1E1E4923F5004D2608 /* Thin Binary */ = {
			isa = PBXShellScriptBuildPhase;
			buildActionMask = 2147483647;
			files = (
			);
			inputPaths = (
			);
			name = "Thin Binary";
			outputPaths = (
			);
			runOnlyForDeploymentPostprocessing = 0;
			shellPath = /bin/sh;
			shellScript = "/bin/sh \"$FLUTTER_ROOT/packages/flutter_tools/bin/xcode_backend.sh\" embed_and_thin\n";
		};
		9740EEB61CF901F6004384FC /* Run Script */ = {
			isa = PBXShellScriptBuildPhase;
			buildActionMask = 2147483647;
			files = (
			);
			inputPaths = (
			);
			name = "Run Script";
			outputPaths = (
			);
			runOnlyForDeploymentPostprocessing = 0;
			shellPath = /bin/sh;
			shellScript = "/bin/sh \"$FLUTTER_ROOT/packages/flutter_tools/bin/xcode_backend.sh\" build\n";
		};
/* End PBXShellScriptBuildPhase section */

/* Begin PBXSourcesBuildPhase section */
		97C146EA1CF9000F007C117D /* Sources */ = {
			isa = PBXSourcesBuildPhase;
			buildActionMask = 2147483647;
			files = (
				74858FAF1ED2DC5600515810 /* AppDelegate.swift in Sources */,
				1498D2341E8E89220040F4C2 /* GeneratedPluginRegistrant.m in Sources */,
			);
			runOnlyForDeploymentPostprocessing = 0;
		};
/* End PBXSourcesBuildPhase section */

/* Begin PBXVariantGroup section */
		97C146FA1CF9000F007C117D /* Main.storyboard */ = {
			isa = PBXVariantGroup;
			children = (
				97C146FB1CF9000F007C117D /* Base */,
			);
			name = Main.storyboard;
			sourceTree = "<group>";
		};
		97C146FF1CF9000F007C117D /* LaunchScreen.storyboard */ = {
			isa = PBXVariantGroup;
			children = (
				97C147001CF9000F007C117D /* Base */,
			);
			name = LaunchScreen.storyboard;
			sourceTree = "<group>";
		};
/* End PBXVariantGroup section */

/* Begin XCBuildConfiguration section */
		249021D3217E4FDB00AE95B9 /* Profile */ = {
			isa = XCBuildConfiguration;
			buildSettings = {
				ALWAYS_SEARCH_USER_PATHS = NO;
				CLANG_ANALYZER_NONNULL = YES;
				CLANG_CXX_LANGUAGE_STANDARD = "gnu++0x";
				CLANG_CXX_LIBRARY = "libc++";
				CLANG_ENABLE_MODULES = YES;
				CLANG_ENABLE_OBJC_ARC = YES;
				CLANG_WARN_BLOCK_CAPTURE_AUTORELEASING = YES;
				CLANG_WARN_BOOL_CONVERSION = YES;
				CLANG_WARN_COMMA = YES;
				CLANG_WARN_CONSTANT_CONVERSION = YES;
				CLANG_WARN_DEPRECATED_OBJC_IMPLEMENTATIONS = YES;
				CLANG_WARN_DIRECT_OBJC_ISA_USAGE = YES_ERROR;
				CLANG_WARN_EMPTY_BODY = YES;
				CLANG_WARN_ENUM_CONVERSION = YES;
				CLANG_WARN_INFINITE_RECURSION = YES;
				CLANG_WARN_INT_CONVERSION = YES;
				CLANG_WARN_NON_LITERAL_NULL_CONVERSION = YES;
				CLANG_WARN_OBJC_IMPLICIT_RETAIN_SELF = YES;
				CLANG_WARN_OBJC_LITERAL_CONVERSION = YES;
				CLANG_WARN_OBJC_ROOT_CLASS = YES_ERROR;
				CLANG_WARN_QUOTED_INCLUDE_IN_FRAMEWORK_HEADER = YES;
				CLANG_WARN_RANGE_LOOP_ANALYSIS = YES;
				CLANG_WARN_STRICT_PROTOTYPES = YES;
				CLANG_WARN_SUSPICIOUS_MOVE = YES;
				CLANG_WARN_UNREACHABLE_CODE = YES;
				CLANG_WARN__DUPLICATE_METHOD_MATCH = YES;
				"CODE_SIGN_IDENTITY[sdk=iphoneos*]" = "iPhone Developer";
				COPY_PHASE_STRIP = NO;
				DEBUG_INFORMATION_FORMAT = "dwarf-with-dsym";
				ENABLE_NS_ASSERTIONS = NO;
				ENABLE_STRICT_OBJC_MSGSEND = YES;
				GCC_C_LANGUAGE_STANDARD = gnu99;
				GCC_NO_COMMON_BLOCKS = YES;
				GCC_WARN_64_TO_32_BIT_CONVERSION = YES;
				GCC_WARN_ABOUT_RETURN_TYPE = YES_ERROR;
				GCC_WARN_UNDECLARED_SELECTOR = YES;
				GCC_WARN_UNINITIALIZED_AUTOS = YES_AGGRESSIVE;
				GCC_WARN_UNUSED_FUNCTION = YES;
				GCC_WARN_UNUSED_VARIABLE = YES;
				IPHONEOS_DEPLOYMENT_TARGET = 11.0;
				MTL_ENABLE_DEBUG_INFO = NO;
				ONLY_ACTIVE_ARCH = NO;
				SDKROOT = iphoneos;
				SUPPORTED_PLATFORMS = iphoneos;
				TARGETED_DEVICE_FAMILY = "1,2";
				VALIDATE_PRODUCT = YES;
			};
			name = Profile;
		};
		249021D4217E4FDB00AE95B9 /* Profile */ = {
			isa = XCBuildConfiguration;
			baseConfigurationReference = 7AFA3C8E1D35360C0083082E /* Release.xcconfig */;
			buildSettings = {
				ASSETCATALOG_COMPILER_APPICON_NAME = AppIcon;
				CLANG_ENABLE_MODULES = YES;
				CODE_SIGN_IDENTITY = "Apple Development";
				CODE_SIGN_STYLE = Automatic;
				CURRENT_PROJECT_VERSION = "$(FLUTTER_BUILD_NUMBER)";
				DEVELOPMENT_TEAM = VZ42G9NTTN;
				ENABLE_BITCODE = NO;
				FRAMEWORK_SEARCH_PATHS = (
					"$(inherited)",
					"$(PROJECT_DIR)/UniMP/Core/Libs",
					"$(PROJECT_DIR)/Runner/UniMPSDK/Core/Libs",
				);
				INFOPLIST_FILE = Runner/Info.plist;
				IPHONEOS_DEPLOYMENT_TARGET = 11.0;
				LD_RUNPATH_SEARCH_PATHS = (
					"$(inherited)",
					"@executable_path/Frameworks",
				);
				LIBRARY_SEARCH_PATHS = (
					"$(inherited)",
					"$(PROJECT_DIR)/UniMP/Core/Libs",
					"$(PROJECT_DIR)/Runner/UniMPSDK/Core/Libs",
				);
				OTHER_LDFLAGS = (
					"$(inherited)",
					"-l\"sqlite3\"",
					"-framework",
					"\"AVFoundation\"",
					"-framework",
					"\"AVKit\"",
					"-framework",
					"\"DKImagePickerController\"",
					"-framework",
					"\"DKPhotoGallery\"",
					"-framework",
					"\"FMDB\"",
					"-framework",
					"\"Foundation\"",
					"-framework",
					"\"ImageIO\"",
					"-framework",
					"\"Photos\"",
					"-framework",
					"\"QuartzCore\"",
					"-framework",
					"\"SDWebImage\"",
					"-framework",
					"\"SwiftyGif\"",
					"-framework",
					"\"Toast\"",
					"-framework",
					"\"UIKit\"",
					"-framework",
					"\"file_picker\"",
					"-framework",
					"\"flutter_native_timezone\"",
					"-framework",
					"\"fluttertoast\"",
					"-framework",
					"\"integration_test\"",
					"-framework",
					"\"path_provider_ios\"",
					"-framework",
					"\"share_plus\"",
					"-framework",
					"\"shared_preferences_ios\"",
					"-framework",
					"\"sqflite\"",
					"-framework",
					"\"url_launcher_ios\"",
					"-framework",
					"\"vibration\"",
					"-framework",
					"\"webview_flutter_wkwebview\"",
					"-weak_framework",
					"\"LinkPresentation\"",
					"-ObjC",
				);
				PRODUCT_BUNDLE_IDENTIFIER = com.example.moodexample;
				PRODUCT_NAME = "$(TARGET_NAME)";
				PROVISIONING_PROFILE_SPECIFIER = "";
				SWIFT_OBJC_BRIDGING_HEADER = "Runner/Runner-Bridging-Header.h";
				SWIFT_VERSION = 5.0;
				VERSIONING_SYSTEM = "apple-generic";
			};
			name = Profile;
		};
		97C147031CF9000F007C117D /* Debug */ = {
			isa = XCBuildConfiguration;
			buildSettings = {
				ALWAYS_SEARCH_USER_PATHS = NO;
				CLANG_ANALYZER_NONNULL = YES;
				CLANG_CXX_LANGUAGE_STANDARD = "gnu++0x";
				CLANG_CXX_LIBRARY = "libc++";
				CLANG_ENABLE_MODULES = YES;
				CLANG_ENABLE_OBJC_ARC = YES;
				CLANG_WARN_BLOCK_CAPTURE_AUTORELEASING = YES;
				CLANG_WARN_BOOL_CONVERSION = YES;
				CLANG_WARN_COMMA = YES;
				CLANG_WARN_CONSTANT_CONVERSION = YES;
				CLANG_WARN_DEPRECATED_OBJC_IMPLEMENTATIONS = YES;
				CLANG_WARN_DIRECT_OBJC_ISA_USAGE = YES_ERROR;
				CLANG_WARN_EMPTY_BODY = YES;
				CLANG_WARN_ENUM_CONVERSION = YES;
				CLANG_WARN_INFINITE_RECURSION = YES;
				CLANG_WARN_INT_CONVERSION = YES;
				CLANG_WARN_NON_LITERAL_NULL_CONVERSION = YES;
				CLANG_WARN_OBJC_IMPLICIT_RETAIN_SELF = YES;
				CLANG_WARN_OBJC_LITERAL_CONVERSION = YES;
				CLANG_WARN_OBJC_ROOT_CLASS = YES_ERROR;
				CLANG_WARN_QUOTED_INCLUDE_IN_FRAMEWORK_HEADER = YES;
				CLANG_WARN_RANGE_LOOP_ANALYSIS = YES;
				CLANG_WARN_STRICT_PROTOTYPES = YES;
				CLANG_WARN_SUSPICIOUS_MOVE = YES;
				CLANG_WARN_UNREACHABLE_CODE = YES;
				CLANG_WARN__DUPLICATE_METHOD_MATCH = YES;
				"CODE_SIGN_IDENTITY[sdk=iphoneos*]" = "iPhone Developer";
				COPY_PHASE_STRIP = NO;
				DEBUG_INFORMATION_FORMAT = dwarf;
				ENABLE_STRICT_OBJC_MSGSEND = YES;
				ENABLE_TESTABILITY = YES;
				GCC_C_LANGUAGE_STANDARD = gnu99;
				GCC_DYNAMIC_NO_PIC = NO;
				GCC_NO_COMMON_BLOCKS = YES;
				GCC_OPTIMIZATION_LEVEL = 0;
				GCC_PREPROCESSOR_DEFINITIONS = (
					"DEBUG=1",
					"$(inherited)",
				);
				GCC_WARN_64_TO_32_BIT_CONVERSION = YES;
				GCC_WARN_ABOUT_RETURN_TYPE = YES_ERROR;
				GCC_WARN_UNDECLARED_SELECTOR = YES;
				GCC_WARN_UNINITIALIZED_AUTOS = YES_AGGRESSIVE;
				GCC_WARN_UNUSED_FUNCTION = YES;
				GCC_WARN_UNUSED_VARIABLE = YES;
				IPHONEOS_DEPLOYMENT_TARGET = 11.0;
				MTL_ENABLE_DEBUG_INFO = YES;
				ONLY_ACTIVE_ARCH = YES;
				SDKROOT = iphoneos;
				TARGETED_DEVICE_FAMILY = "1,2";
			};
			name = Debug;
		};
		97C147041CF9000F007C117D /* Release */ = {
			isa = XCBuildConfiguration;
			buildSettings = {
				ALWAYS_SEARCH_USER_PATHS = NO;
				CLANG_ANALYZER_NONNULL = YES;
				CLANG_CXX_LANGUAGE_STANDARD = "gnu++0x";
				CLANG_CXX_LIBRARY = "libc++";
				CLANG_ENABLE_MODULES = YES;
				CLANG_ENABLE_OBJC_ARC = YES;
				CLANG_WARN_BLOCK_CAPTURE_AUTORELEASING = YES;
				CLANG_WARN_BOOL_CONVERSION = YES;
				CLANG_WARN_COMMA = YES;
				CLANG_WARN_CONSTANT_CONVERSION = YES;
				CLANG_WARN_DEPRECATED_OBJC_IMPLEMENTATIONS = YES;
				CLANG_WARN_DIRECT_OBJC_ISA_USAGE = YES_ERROR;
				CLANG_WARN_EMPTY_BODY = YES;
				CLANG_WARN_ENUM_CONVERSION = YES;
				CLANG_WARN_INFINITE_RECURSION = YES;
				CLANG_WARN_INT_CONVERSION = YES;
				CLANG_WARN_NON_LITERAL_NULL_CONVERSION = YES;
				CLANG_WARN_OBJC_IMPLICIT_RETAIN_SELF = YES;
				CLANG_WARN_OBJC_LITERAL_CONVERSION = YES;
				CLANG_WARN_OBJC_ROOT_CLASS = YES_ERROR;
				CLANG_WARN_QUOTED_INCLUDE_IN_FRAMEWORK_HEADER = YES;
				CLANG_WARN_RANGE_LOOP_ANALYSIS = YES;
				CLANG_WARN_STRICT_PROTOTYPES = YES;
				CLANG_WARN_SUSPICIOUS_MOVE = YES;
				CLANG_WARN_UNREACHABLE_CODE = YES;
				CLANG_WARN__DUPLICATE_METHOD_MATCH = YES;
				"CODE_SIGN_IDENTITY[sdk=iphoneos*]" = "iPhone Developer";
				COPY_PHASE_STRIP = NO;
				DEBUG_INFORMATION_FORMAT = "dwarf-with-dsym";
				ENABLE_NS_ASSERTIONS = NO;
				ENABLE_STRICT_OBJC_MSGSEND = YES;
				GCC_C_LANGUAGE_STANDARD = gnu99;
				GCC_NO_COMMON_BLOCKS = YES;
				GCC_WARN_64_TO_32_BIT_CONVERSION = YES;
				GCC_WARN_ABOUT_RETURN_TYPE = YES_ERROR;
				GCC_WARN_UNDECLARED_SELECTOR = YES;
				GCC_WARN_UNINITIALIZED_AUTOS = YES_AGGRESSIVE;
				GCC_WARN_UNUSED_FUNCTION = YES;
				GCC_WARN_UNUSED_VARIABLE = YES;
				IPHONEOS_DEPLOYMENT_TARGET = 11.0;
				MTL_ENABLE_DEBUG_INFO = NO;
				ONLY_ACTIVE_ARCH = NO;
				SDKROOT = iphoneos;
				SUPPORTED_PLATFORMS = iphoneos;
				SWIFT_COMPILATION_MODE = wholemodule;
				SWIFT_OPTIMIZATION_LEVEL = "-O";
				TARGETED_DEVICE_FAMILY = "1,2";
				VALIDATE_PRODUCT = YES;
			};
			name = Release;
		};
		97C147061CF9000F007C117D /* Debug */ = {
			isa = XCBuildConfiguration;
			baseConfigurationReference = 9740EEB21CF90195004384FC /* Debug.xcconfig */;
			buildSettings = {
				ASSETCATALOG_COMPILER_APPICON_NAME = AppIcon;
				CLANG_ENABLE_MODULES = YES;
				CODE_SIGN_IDENTITY = "Apple Development";
				CODE_SIGN_STYLE = Automatic;
				CURRENT_PROJECT_VERSION = "$(FLUTTER_BUILD_NUMBER)";
				DEVELOPMENT_TEAM = VZ42G9NTTN;
				ENABLE_BITCODE = NO;
				FRAMEWORK_SEARCH_PATHS = (
					"$(inherited)",
					"$(PROJECT_DIR)/UniMP/Core/Libs",
					"$(PROJECT_DIR)/Runner/UniMPSDK/Core/Libs",
				);
				INFOPLIST_FILE = Runner/Info.plist;
				IPHONEOS_DEPLOYMENT_TARGET = 11.0;
				LD_RUNPATH_SEARCH_PATHS = (
					"$(inherited)",
					"@executable_path/Frameworks",
				);
				LIBRARY_SEARCH_PATHS = (
					"$(inherited)",
					"$(PROJECT_DIR)/UniMP/Core/Libs",
					"$(PROJECT_DIR)/Runner/UniMPSDK/Core/Libs",
				);
				OTHER_LDFLAGS = (
					"$(inherited)",
					"-l\"sqlite3\"",
					"-framework",
					"\"AVFoundation\"",
					"-framework",
					"\"AVKit\"",
					"-framework",
					"\"DKImagePickerController\"",
					"-framework",
					"\"DKPhotoGallery\"",
					"-framework",
					"\"FMDB\"",
					"-framework",
					"\"Foundation\"",
					"-framework",
					"\"ImageIO\"",
					"-framework",
					"\"Photos\"",
					"-framework",
					"\"QuartzCore\"",
					"-framework",
					"\"SDWebImage\"",
					"-framework",
					"\"SwiftyGif\"",
					"-framework",
					"\"Toast\"",
					"-framework",
					"\"UIKit\"",
					"-framework",
					"\"file_picker\"",
					"-framework",
					"\"flutter_native_timezone\"",
					"-framework",
					"\"fluttertoast\"",
					"-framework",
					"\"integration_test\"",
					"-framework",
					"\"path_provider_ios\"",
					"-framework",
					"\"share_plus\"",
					"-framework",
					"\"shared_preferences_ios\"",
					"-framework",
					"\"sqflite\"",
					"-framework",
					"\"url_launcher_ios\"",
					"-framework",
					"\"vibration\"",
					"-framework",
					"\"webview_flutter_wkwebview\"",
					"-weak_framework",
					"\"LinkPresentation\"",
					"-ObjC",
				);
				PRODUCT_BUNDLE_IDENTIFIER = com.example.moodexample;
				PRODUCT_NAME = "$(TARGET_NAME)";
				PROVISIONING_PROFILE_SPECIFIER = "";
				SWIFT_OBJC_BRIDGING_HEADER = "Runner/Runner-Bridging-Header.h";
				SWIFT_OPTIMIZATION_LEVEL = "-Onone";
				SWIFT_VERSION = 5.0;
				VERSIONING_SYSTEM = "apple-generic";
			};
			name = Debug;
		};
		97C147071CF9000F007C117D /* Release */ = {
			isa = XCBuildConfiguration;
			baseConfigurationReference = 7AFA3C8E1D35360C0083082E /* Release.xcconfig */;
			buildSettings = {
				ASSETCATALOG_COMPILER_APPICON_NAME = AppIcon;
				CLANG_ENABLE_MODULES = YES;
				CODE_SIGN_IDENTITY = "Apple Development";
				CODE_SIGN_STYLE = Automatic;
				CURRENT_PROJECT_VERSION = "$(FLUTTER_BUILD_NUMBER)";
				DEVELOPMENT_TEAM = VZ42G9NTTN;
				ENABLE_BITCODE = NO;
				FRAMEWORK_SEARCH_PATHS = (
					"$(inherited)",
					"$(PROJECT_DIR)/UniMP/Core/Libs",
					"$(PROJECT_DIR)/Runner/UniMPSDK/Core/Libs",
				);
				INFOPLIST_FILE = Runner/Info.plist;
				IPHONEOS_DEPLOYMENT_TARGET = 11.0;
				LD_RUNPATH_SEARCH_PATHS = (
					"$(inherited)",
					"@executable_path/Frameworks",
				);
				LIBRARY_SEARCH_PATHS = (
					"$(inherited)",
					"$(PROJECT_DIR)/UniMP/Core/Libs",
					"$(PROJECT_DIR)/Runner/UniMPSDK/Core/Libs",
				);
				OTHER_LDFLAGS = (
					"$(inherited)",
					"-l\"sqlite3\"",
					"-framework",
					"\"AVFoundation\"",
					"-framework",
					"\"AVKit\"",
					"-framework",
					"\"DKImagePickerController\"",
					"-framework",
					"\"DKPhotoGallery\"",
					"-framework",
					"\"FMDB\"",
					"-framework",
					"\"Foundation\"",
					"-framework",
					"\"ImageIO\"",
					"-framework",
					"\"Photos\"",
					"-framework",
					"\"QuartzCore\"",
					"-framework",
					"\"SDWebImage\"",
					"-framework",
					"\"SwiftyGif\"",
					"-framework",
					"\"Toast\"",
					"-framework",
					"\"UIKit\"",
					"-framework",
					"\"file_picker\"",
					"-framework",
					"\"flutter_native_timezone\"",
					"-framework",
					"\"fluttertoast\"",
					"-framework",
					"\"integration_test\"",
					"-framework",
					"\"path_provider_ios\"",
					"-framework",
					"\"share_plus\"",
					"-framework",
					"\"shared_preferences_ios\"",
					"-framework",
					"\"sqflite\"",
					"-framework",
					"\"url_launcher_ios\"",
					"-framework",
					"\"vibration\"",
					"-framework",
					"\"webview_flutter_wkwebview\"",
					"-weak_framework",
					"\"LinkPresentation\"",
					"-ObjC",
				);
				PRODUCT_BUNDLE_IDENTIFIER = com.example.moodexample;
				PRODUCT_NAME = "$(TARGET_NAME)";
				PROVISIONING_PROFILE_SPECIFIER = "";
				SWIFT_OBJC_BRIDGING_HEADER = "Runner/Runner-Bridging-Header.h";
				SWIFT_VERSION = 5.0;
				VERSIONING_SYSTEM = "apple-generic";
			};
			name = Release;
		};
/* End XCBuildConfiguration section */

/* Begin XCConfigurationList section */
		97C146E91CF9000F007C117D /* Build configuration list for PBXProject "Runner" */ = {
			isa = XCConfigurationList;
			buildConfigurations = (
				97C147031CF9000F007C117D /* Debug */,
				97C147041CF9000F007C117D /* Release */,
				249021D3217E4FDB00AE95B9 /* Profile */,
			);
			defaultConfigurationIsVisible = 0;
			defaultConfigurationName = Release;
		};
		97C147051CF9000F007C117D /* Build configuration list for PBXNativeTarget "Runner" */ = {
			isa = XCConfigurationList;
			buildConfigurations = (
				97C147061CF9000F007C117D /* Debug */,
				97C147071CF9000F007C117D /* Release */,
				249021D4217E4FDB00AE95B9 /* Profile */,
			);
			defaultConfigurationIsVisible = 0;
			defaultConfigurationName = Release;
		};
/* End XCConfigurationList section */
	};
	rootObject = 97C146E61CF9000F007C117D /* Project object */;
}
