PODS:
  - awesome_notifications (0.11.0):
    - Flutter
    - IosAwnCore (~> 0.11.0)
  - Flutter (1.0.0)
  - IosAwnCore (0.11.0)

DEPENDENCIES:
  - awesome_notifications (from `.symlinks/plugins/awesome_notifications/ios`)
  - Flutter (from `Flutter`)

SPEC REPOS:
  https://github.com/CocoaPods/Specs.git:
    - IosAwnCore

EXTERNAL SOURCES:
  awesome_notifications:
    :path: ".symlinks/plugins/awesome_notifications/ios"
  Flutter:
    :path: Flutter

SPEC CHECKSUMS:
  awesome_notifications: 73d2ed099914aedfd0ac8f40c4d177f22206cce6
  Flutter: cabc95a1d2626b1b06e7179b784ebcf0c0cde467
  IosAwnCore: 32019505f4a4909fa9079ee401b2c82aeeab78a8

PODFILE CHECKSUM: cad62e6e17b0b519d9ed86da8c1c30ce33e1ca94

COCOAPODS: 1.16.2
